{
  "name": "get-time-action",
  "version": "1.0.0",
  "lockfileVersion": 1,
  "requires": true,
  "dependencies": {
    "@actions/core": {
      "version": "1.2.3",
      "resolved": "https://registry.npm.taobao.org/@actions/core/download/@actions/core-1.2.3.tgz",
      "integrity": "sha1-6ES0+ggg4gYHVEUHkTCGj5W/ypU="
    },
    "dayjs": {
      "version": "1.8.23",
      "resolved": "https://registry.npm.taobao.org/dayjs/download/dayjs-1.8.23.tgz?cache=0&sync_timestamp=1584360314412&other_urls=https%3A%2F%2Fregistry.npm.taobao.org%2Fdayjs%2Fdownload%2Fdayjs-1.8.23.tgz",
      "integrity": "sha1-B7Wo51nE11rge90K1pd/hRwB5RA="
    }
  }
}
